{
  "name": "pr-php-preview-action",
  "version": "0.1.0",
  "lockfileVersion": 3,
  "requires": true,
  "packages": {
    "": {
      "name": "pr-php-preview-action",
      "version": "0.1.0",
      "dependencies": {
        "php-cgi-wasm": "alpha"
      }
    },
    "node_modules/php-cgi-wasm": {
      "version": "0.0.9-alpha-32",
      "resolved": "https://registry.npmjs.org/php-cgi-wasm/-/php-cgi-wasm-0.0.9-alpha-32.tgz",
      "integrity": "sha512-5tAPIVZ6OACheWxmWjB48KyLfhNLyQfFzOa87q4IJAaFVS+9KFefN7NviwpIVa4BntV1QPtralsWaoKosqIzYw==",
      "license": "Apache-2.0"
    }
  }
}
